
Microsoft Visual Studio Solution File, Format Version 12.00
# Visual Studio Version 17
VisualStudioVersion = 17.7.34221.43
MinimumVisualStudioVersion = 10.0.40219.1
Project("{FAE04EC0-301F-11D3-BF4B-00C04F79EFBC}") = "Server", "Server\Server.csproj", "{B4922B34-FFBF-4B65-9A28-B77A39BA4A71}"
EndProject
Global
	GlobalSection(SolutionConfigurationPlatforms) = preSolution
		Debug|Any CPU = Debug|Any CPU
		Release|Any CPU = Release|Any CPU
	EndGlobalSection
	GlobalSection(ProjectConfigurationPlatforms) = postSolution
		{B4922B34-FFBF-4B65-9A28-B77A39BA4A71}.Debug|Any CPU.ActiveCfg = Debug|Any CPU
		{B4922B34-FFBF-4B65-9A28-B77A39BA4A71}.Debug|Any CPU.Build.0 = Debug|Any CPU
		{B4922B34-FFBF-4B65-9A28-B77A39BA4A71}.Release|Any CPU.ActiveCfg = Release|Any CPU
		{B4922B34-FFBF-4B65-9A28-B77A39BA4A71}.Release|Any CPU.Build.0 = Release|Any CPU
	EndGlobalSection
	GlobalSection(SolutionProperties) = preSolution
		HideSolutionNode = FALSE
	EndGlobalSection
	GlobalSection(ExtensibilityGlobals) = postSolution
		SolutionGuid = {F70480D9-E24E-4253-B19B-90250E6770C9}
	EndGlobalSection
EndGlobal
